
Microsoft Visual Studio Solution File, Format Version 12.00
Project("{FAE04EC0-301F-11D3-BF4B-00C04F79EFBC}") = "DotaWordle", "DotaWordle\DotaWordle.csproj", "{46CDEC44-3AA2-4050-89E2-63BB874BB421}"
EndProject
Project("{FAE04EC0-301F-11D3-BF4B-00C04F79EFBC}") = "DotaWordle.Tests", "DotaWordle.Tests\DotaWordle.Tests.csproj", "{A088500A-CD7A-4CA1-93A2-A4290A12F275}"
EndProject
Project("{FAE04EC0-301F-11D3-BF4B-00C04F79EFBC}") = "DotaWordle.DataAcess.Postgres", "DotaWordle.DataAcess.Postgres\DotaWordle.DataAcess.Postgres.csproj", "{84E25FD5-8152-4E0C-BD11-E0BBB3D415B8}"
EndProject
Project("{FAE04EC0-301F-11D3-BF4B-00C04F79EFBC}") = "DotaWordle.DataParser", "DotaWordle.DataParser\DotaWordle.DataParser.csproj", "{0E183838-73B8-4B24-929E-588C9321A9C4}"
EndProject
Global
	GlobalSection(SolutionConfigurationPlatforms) = preSolution
		Debug|Any CPU = Debug|Any CPU
		Release|Any CPU = Release|Any CPU
	EndGlobalSection
	GlobalSection(ProjectConfigurationPlatforms) = postSolution
		{46CDEC44-3AA2-4050-89E2-63BB874BB421}.Debug|Any CPU.ActiveCfg = Debug|Any CPU
		{46CDEC44-3AA2-4050-89E2-63BB874BB421}.Debug|Any CPU.Build.0 = Debug|Any CPU
		{46CDEC44-3AA2-4050-89E2-63BB874BB421}.Release|Any CPU.ActiveCfg = Release|Any CPU
		{46CDEC44-3AA2-4050-89E2-63BB874BB421}.Release|Any CPU.Build.0 = Release|Any CPU
		{A088500A-CD7A-4CA1-93A2-A4290A12F275}.Debug|Any CPU.ActiveCfg = Debug|Any CPU
		{A088500A-CD7A-4CA1-93A2-A4290A12F275}.Debug|Any CPU.Build.0 = Debug|Any CPU
		{A088500A-CD7A-4CA1-93A2-A4290A12F275}.Release|Any CPU.ActiveCfg = Release|Any CPU
		{A088500A-CD7A-4CA1-93A2-A4290A12F275}.Release|Any CPU.Build.0 = Release|Any CPU
		{84E25FD5-8152-4E0C-BD11-E0BBB3D415B8}.Debug|Any CPU.ActiveCfg = Debug|Any CPU
		{84E25FD5-8152-4E0C-BD11-E0BBB3D415B8}.Debug|Any CPU.Build.0 = Debug|Any CPU
		{84E25FD5-8152-4E0C-BD11-E0BBB3D415B8}.Release|Any CPU.ActiveCfg = Release|Any CPU
		{84E25FD5-8152-4E0C-BD11-E0BBB3D415B8}.Release|Any CPU.Build.0 = Release|Any CPU
		{0E183838-73B8-4B24-929E-588C9321A9C4}.Debug|Any CPU.ActiveCfg = Debug|Any CPU
		{0E183838-73B8-4B24-929E-588C9321A9C4}.Debug|Any CPU.Build.0 = Debug|Any CPU
		{0E183838-73B8-4B24-929E-588C9321A9C4}.Release|Any CPU.ActiveCfg = Release|Any CPU
		{0E183838-73B8-4B24-929E-588C9321A9C4}.Release|Any CPU.Build.0 = Release|Any CPU
	EndGlobalSection
EndGlobal
